
Microsoft Visual Studio Solution File, Format Version 12.00
# Visual Studio Version 16
VisualStudioVersion = 16.0.30804.86
MinimumVisualStudioVersion = 10.0.40219.1
Project("{FAE04EC0-301F-11D3-BF4B-00C04F79EFBC}") = "Generator pociągów", "Generator pociągów\Generator pociągów.csproj", "{BF45E7F5-5E21-4B3A-BA87-D48793DC15B6}"
EndProject
Global
	GlobalSection(SolutionConfigurationPlatforms) = preSolution
		Debug|Any CPU = Debug|Any CPU
		Release|Any CPU = Release|Any CPU
	EndGlobalSection
	GlobalSection(ProjectConfigurationPlatforms) = postSolution
		{BF45E7F5-5E21-4B3A-BA87-D48793DC15B6}.Debug|Any CPU.ActiveCfg = Debug|Any CPU
		{BF45E7F5-5E21-4B3A-BA87-D48793DC15B6}.Debug|Any CPU.Build.0 = Debug|Any CPU
		{BF45E7F5-5E21-4B3A-BA87-D48793DC15B6}.Release|Any CPU.ActiveCfg = Release|Any CPU
		{BF45E7F5-5E21-4B3A-BA87-D48793DC15B6}.Release|Any CPU.Build.0 = Release|Any CPU
	EndGlobalSection
	GlobalSection(SolutionProperties) = preSolution
		HideSolutionNode = FALSE
	EndGlobalSection
	GlobalSection(ExtensibilityGlobals) = postSolution
		SolutionGuid = {5C7AD23F-1D8F-4FE0-B81F-0ECAA9830B03}
	EndGlobalSection
EndGlobal
